
Microsoft Visual Studio Solution File, Format Version 12.00
# Visual Studio Version 16
VisualStudioVersion = 16.0.29709.97
MinimumVisualStudioVersion = 10.0.40219.1
Project("{FAE04EC0-301F-11D3-BF4B-00C04F79EFBC}") = "Server-Client", "Server-Client\Server-Client.csproj", "{A746BFC6-C782-49D3-84CF-AD5D0FCA2223}"
EndProject
Global
	GlobalSection(SolutionConfigurationPlatforms) = preSolution
		Debug|Any CPU = Debug|Any CPU
		Release|Any CPU = Release|Any CPU
	EndGlobalSection
	GlobalSection(ProjectConfigurationPlatforms) = postSolution
		{A746BFC6-C782-49D3-84CF-AD5D0FCA2223}.Debug|Any CPU.ActiveCfg = Debug|Any CPU
		{A746BFC6-C782-49D3-84CF-AD5D0FCA2223}.Debug|Any CPU.Build.0 = Debug|Any CPU
		{A746BFC6-C782-49D3-84CF-AD5D0FCA2223}.Release|Any CPU.ActiveCfg = Release|Any CPU
		{A746BFC6-C782-49D3-84CF-AD5D0FCA2223}.Release|Any CPU.Build.0 = Release|Any CPU
	EndGlobalSection
	GlobalSection(SolutionProperties) = preSolution
		HideSolutionNode = FALSE
	EndGlobalSection
	GlobalSection(ExtensibilityGlobals) = postSolution
		SolutionGuid = {965FE7DB-ADBE-403E-9F35-D95774D4DC0A}
	EndGlobalSection
EndGlobal
